{
  "name": "bracket_print",
  "version": "0.9.1",
  "lockfileVersion": 1,
  "requires": true,
  "dependencies": {
    "brace_prototype": {
      "version": "0.1.1",
      "resolved": "https://registry.npmjs.org/brace_prototype/-/brace_prototype-0.1.1.tgz",
      "integrity": "sha512-6KQNE1Nu3CJD6YznDjqRseoy5b3B9PsuraVh83/PUUiQdfrvQEkktQ1wH5/tTd2igTIS3vFjXo2NbaQhF2Qw/g==",
      "requires": {
        "brace_umd": "0.5.0"
      }
    },
    "brace_umd": {
      "version": "0.5.0",
      "resolved": "https://registry.npmjs.org/brace_umd/-/brace_umd-0.5.0.tgz",
      "integrity": "sha512-J9JJvs/dAuYeJtRgVB4q2hHstUzNTQyZDOaNx6ChN8CWspNpCpSkQJkHjCYlIUQGqgFKByxlIMT0QYvzSaBRwQ==",
      "requires": {
        "commander": "2.11.0"
      }
    },
    "commander": {
      "version": "2.11.0",
      "resolved": "https://registry.npmjs.org/commander/-/commander-2.11.0.tgz",
      "integrity": "sha512-b0553uYA5YAEGgyYIGYROzKQ7X5RAqedkfjiZxwi0kL1g3bOaBNNZfYkzt/CL0umgD5wc9Jec2FbB98CjkMRvQ=="
    }
  }
}
